
Microsoft Visual Studio Solution File, Format Version 12.00
# Visual Studio 15
VisualStudioVersion = 15.0.26730.16
MinimumVisualStudioVersion = 10.0.40219.1
Project("{FAE04EC0-301F-11D3-BF4B-00C04F79EFBC}") = "hospitalTotalCostCalculator", "hospitalTotalCostCalculator\hospitalTotalCostCalculator.csproj", "{84B47B74-3379-4E65-82B9-685B111830DB}"
EndProject
Global
	GlobalSection(SolutionConfigurationPlatforms) = preSolution
		Debug|Any CPU = Debug|Any CPU
		Release|Any CPU = Release|Any CPU
	EndGlobalSection
	GlobalSection(ProjectConfigurationPlatforms) = postSolution
		{84B47B74-3379-4E65-82B9-685B111830DB}.Debug|Any CPU.ActiveCfg = Debug|Any CPU
		{84B47B74-3379-4E65-82B9-685B111830DB}.Debug|Any CPU.Build.0 = Debug|Any CPU
		{84B47B74-3379-4E65-82B9-685B111830DB}.Release|Any CPU.ActiveCfg = Release|Any CPU
		{84B47B74-3379-4E65-82B9-685B111830DB}.Release|Any CPU.Build.0 = Release|Any CPU
	EndGlobalSection
	GlobalSection(SolutionProperties) = preSolution
		HideSolutionNode = FALSE
	EndGlobalSection
	GlobalSection(ExtensibilityGlobals) = postSolution
		SolutionGuid = {A2D5E035-5F52-495E-8228-46FB5705425E}
	EndGlobalSection
EndGlobal
